
Microsoft Visual Studio Solution File, Format Version 12.00
# Visual Studio Version 17
VisualStudioVersion = 17.7.34031.279
MinimumVisualStudioVersion = 10.0.40219.1
Project("{9A19103F-16F7-4668-BE54-9A1E7A4F7556}") = "SemestralProject", "SemestralProject.csproj", "{46E0BC79-D5AB-406D-855F-3665CA18DD19}"
EndProject
Project("{9A19103F-16F7-4668-BE54-9A1E7A4F7556}") = "AsynchronousMethod", "..\AsynchronousMethod\AsynchronousMethod.csproj", "{797D0C48-7EBE-4CA2-A859-5C5F8654D972}"
EndProject
Project("{FAE04EC0-301F-11D3-BF4B-00C04F79EFBC}") = "DatabaseObject", "..\DatabaseObject\DatabaseObject.csproj", "{0D33D057-6741-49D3-9A92-20DA88E2C886}"
EndProject
Global
	GlobalSection(SolutionConfigurationPlatforms) = preSolution
		Debug|Any CPU = Debug|Any CPU
		Release|Any CPU = Release|Any CPU
	EndGlobalSection
	GlobalSection(ProjectConfigurationPlatforms) = postSolution
		{46E0BC79-D5AB-406D-855F-3665CA18DD19}.Debug|Any CPU.ActiveCfg = Debug|Any CPU
		{46E0BC79-D5AB-406D-855F-3665CA18DD19}.Debug|Any CPU.Build.0 = Debug|Any CPU
		{46E0BC79-D5AB-406D-855F-3665CA18DD19}.Release|Any CPU.ActiveCfg = Release|Any CPU
		{46E0BC79-D5AB-406D-855F-3665CA18DD19}.Release|Any CPU.Build.0 = Release|Any CPU
		{797D0C48-7EBE-4CA2-A859-5C5F8654D972}.Debug|Any CPU.ActiveCfg = Debug|Any CPU
		{797D0C48-7EBE-4CA2-A859-5C5F8654D972}.Debug|Any CPU.Build.0 = Debug|Any CPU
		{797D0C48-7EBE-4CA2-A859-5C5F8654D972}.Release|Any CPU.ActiveCfg = Release|Any CPU
		{797D0C48-7EBE-4CA2-A859-5C5F8654D972}.Release|Any CPU.Build.0 = Release|Any CPU
		{0D33D057-6741-49D3-9A92-20DA88E2C886}.Debug|Any CPU.ActiveCfg = Debug|Any CPU
		{0D33D057-6741-49D3-9A92-20DA88E2C886}.Debug|Any CPU.Build.0 = Debug|Any CPU
		{0D33D057-6741-49D3-9A92-20DA88E2C886}.Release|Any CPU.ActiveCfg = Release|Any CPU
		{0D33D057-6741-49D3-9A92-20DA88E2C886}.Release|Any CPU.Build.0 = Release|Any CPU
	EndGlobalSection
	GlobalSection(SolutionProperties) = preSolution
		HideSolutionNode = FALSE
	EndGlobalSection
	GlobalSection(ExtensibilityGlobals) = postSolution
		SolutionGuid = {444BCAAC-67E7-42DC-8E3D-318243F6B4CE}
	EndGlobalSection
EndGlobal
